
Microsoft Visual Studio Solution File, Format Version 12.00
# Visual Studio Version 17
VisualStudioVersion = 17.8.34330.188
MinimumVisualStudioVersion = 10.0.40219.1
Project("{FAE04EC0-301F-11D3-BF4B-00C04F79EFBC}") = "TestResultsAnalyzer.Server", "Server\TestResultsAnalyzer.Server.csproj", "{AD311B04-1D25-4BA8-B4AE-769F81FE9AAB}"
EndProject
Project("{FAE04EC0-301F-11D3-BF4B-00C04F79EFBC}") = "TestResultsAnalyzer.Client", "Client\TestResultsAnalyzer.Client.csproj", "{7D866E96-A9DF-4F1D-904A-F9F9E280D669}"
EndProject
Project("{FAE04EC0-301F-11D3-BF4B-00C04F79EFBC}") = "TestResultsAnalyzer.Shared", "Shared\TestResultsAnalyzer.Shared.csproj", "{27C904F6-8ADC-48E0-A765-F844471C3352}"
EndProject
Global
	GlobalSection(SolutionConfigurationPlatforms) = preSolution
		Debug|Any CPU = Debug|Any CPU
		Release|Any CPU = Release|Any CPU
	EndGlobalSection
	GlobalSection(ProjectConfigurationPlatforms) = postSolution
		{AD311B04-1D25-4BA8-B4AE-769F81FE9AAB}.Debug|Any CPU.ActiveCfg = Debug|Any CPU
		{AD311B04-1D25-4BA8-B4AE-769F81FE9AAB}.Debug|Any CPU.Build.0 = Debug|Any CPU
		{AD311B04-1D25-4BA8-B4AE-769F81FE9AAB}.Release|Any CPU.ActiveCfg = Release|Any CPU
		{AD311B04-1D25-4BA8-B4AE-769F81FE9AAB}.Release|Any CPU.Build.0 = Release|Any CPU
		{7D866E96-A9DF-4F1D-904A-F9F9E280D669}.Debug|Any CPU.ActiveCfg = Debug|Any CPU
		{7D866E96-A9DF-4F1D-904A-F9F9E280D669}.Debug|Any CPU.Build.0 = Debug|Any CPU
		{7D866E96-A9DF-4F1D-904A-F9F9E280D669}.Release|Any CPU.ActiveCfg = Release|Any CPU
		{7D866E96-A9DF-4F1D-904A-F9F9E280D669}.Release|Any CPU.Build.0 = Release|Any CPU
		{27C904F6-8ADC-48E0-A765-F844471C3352}.Debug|Any CPU.ActiveCfg = Debug|Any CPU
		{27C904F6-8ADC-48E0-A765-F844471C3352}.Debug|Any CPU.Build.0 = Debug|Any CPU
		{27C904F6-8ADC-48E0-A765-F844471C3352}.Release|Any CPU.ActiveCfg = Release|Any CPU
		{27C904F6-8ADC-48E0-A765-F844471C3352}.Release|Any CPU.Build.0 = Release|Any CPU
	EndGlobalSection
	GlobalSection(SolutionProperties) = preSolution
		HideSolutionNode = FALSE
	EndGlobalSection
	GlobalSection(ExtensibilityGlobals) = postSolution
		SolutionGuid = {B806FD8D-1C42-41EC-BDB5-CDE7F27FCD41}
	EndGlobalSection
EndGlobal
